{
  "name": "lost-deep-space-drifter",
  "version": "0.1.0",
  "lockfileVersion": 3,
  "requires": true,
  "packages": {
    "": {
      "name": "lost-deep-space-drifter",
      "version": "0.1.0",
      "dependencies": {
        "phaser": "file:vendor/phaser",
        "vite": "file:vendor/vite"
      },
      "devDependencies": {}
    },
    "node_modules/phaser": {
      "resolved": "vendor/phaser",
      "link": true
    },
    "node_modules/vite": {
      "resolved": "vendor/vite",
      "link": true
    },
    "vendor/phaser": {
      "version": "3.90.0-local-offline"
    },
    "vendor/vite": {
      "version": "7.1.12-local-offline",
      "bin": {
        "vite": "bin/vite.js"
      }
    }
  }
}
