{
  "name": "lost-deep-space-drifter",
  "version": "1.0.0",
  "lockfileVersion": 3,
  "requires": true,
  "packages": {
    "": {
      "name": "lost-deep-space-drifter",
      "version": "1.0.0",
      "dependencies": {
        "phaser": "file:vendor/phaser"
      },
      "devDependencies": {
        "typescript": "file:vendor/typescript",
        "vite": "file:vendor/vite"
      }
    },
    "node_modules/phaser": {
      "resolved": "vendor/phaser",
      "link": true
    },
    "node_modules/typescript": {
      "resolved": "vendor/typescript",
      "link": true
    },
    "node_modules/vite": {
      "resolved": "vendor/vite",
      "link": true
    },
    "vendor/phaser": {
      "version": "3.90.0"
    },
    "vendor/typescript": {
      "version": "5.5.4-clean-local",
      "dev": true,
      "bin": {
        "tsc": "bin/tsc.js"
      }
    },
    "vendor/vite": {
      "version": "5.4.0-clean-local",
      "dev": true,
      "bin": {
        "vite": "bin/vite.js"
      }
    }
  }
}
